// !$*UTF8*$!
{
	archiveVersion = 1;
	classes = {
	};
	objectVersion = 56;
	objects = {

/* Begin PBXBuildFile section */
		9F5F73242C7A982800B44E2A /* CoinRowView.swift in Sources */ = {isa = PBXBuildFile; fileRef = 9F5F73232C7A982800B44E2A /* CoinRowView.swift */; };
		9F5F73262C7AB43200B44E2A /* HomeViewModel.swift in Sources */ = {isa = PBXBuildFile; fileRef = 9F5F73252C7AB43200B44E2A /* HomeViewModel.swift */; };
		9F5F73292C7CCA3200B44E2A /* CoinDataService.swift in Sources */ = {isa = PBXBuildFile; fileRef = 9F5F73282C7CCA3200B44E2A /* CoinDataService.swift */; };
		9F5F732C2C7CDC0B00B44E2A /* NetworkingManager.swift in Sources */ = {isa = PBXBuildFile; fileRef = 9F5F732B2C7CDC0B00B44E2A /* NetworkingManager.swift */; };
		9F6551BB2C78EF730023633F /* SwiftUICryptoApp.swift in Sources */ = {isa = PBXBuildFile; fileRef = 9F6551BA2C78EF730023633F /* SwiftUICryptoApp.swift */; };
		9F6551BD2C78EF730023633F /* ContentView.swift in Sources */ = {isa = PBXBuildFile; fileRef = 9F6551BC2C78EF730023633F /* ContentView.swift */; };
		9F6551C22C78EF740023633F /* Preview Assets.xcassets in Resources */ = {isa = PBXBuildFile; fileRef = 9F6551C12C78EF740023633F /* Preview Assets.xcassets */; };
		9F6551C92C78F0440023633F /* Assets.xcassets in Resources */ = {isa = PBXBuildFile; fileRef = 9F6551C82C78F0440023633F /* Assets.xcassets */; };
		9F6551D42C78F0F50023633F /* Color.swift in Sources */ = {isa = PBXBuildFile; fileRef = 9F6551CD2C78F0F50023633F /* Color.swift */; };
		9F6551D52C78F0F50023633F /* Date.swift in Sources */ = {isa = PBXBuildFile; fileRef = 9F6551CE2C78F0F50023633F /* Date.swift */; };
		9F6551D62C78F0F50023633F /* Double.swift in Sources */ = {isa = PBXBuildFile; fileRef = 9F6551CF2C78F0F50023633F /* Double.swift */; };
		9F6551D72C78F0F50023633F /* PreviewProvider.swift in Sources */ = {isa = PBXBuildFile; fileRef = 9F6551D02C78F0F50023633F /* PreviewProvider.swift */; };
		9F6551D82C78F0F50023633F /* String.swift in Sources */ = {isa = PBXBuildFile; fileRef = 9F6551D12C78F0F50023633F /* String.swift */; };
		9F6551D92C78F0F50023633F /* UIApplication.swift in Sources */ = {isa = PBXBuildFile; fileRef = 9F6551D22C78F0F50023633F /* UIApplication.swift */; };
		9F6551DF2C78F7F30023633F /* HomeView.swift in Sources */ = {isa = PBXBuildFile; fileRef = 9F6551DE2C78F7F30023633F /* HomeView.swift */; };
		9F6551E32C78F8EE0023633F /* CircleButtonView.swift in Sources */ = {isa = PBXBuildFile; fileRef = 9F6551E22C78F8EE0023633F /* CircleButtonView.swift */; };
		9F6551E52C78FC240023633F /* CircleButtonAnimationView.swift in Sources */ = {isa = PBXBuildFile; fileRef = 9F6551E42C78FC240023633F /* CircleButtonAnimationView.swift */; };
		9F6C0FED2C7E1B1C00111575 /* CoinImageView.swift in Sources */ = {isa = PBXBuildFile; fileRef = 9F6C0FEC2C7E1B1C00111575 /* CoinImageView.swift */; };
		9F6C0FEF2C7E1C5D00111575 /* CoinImageService.swift in Sources */ = {isa = PBXBuildFile; fileRef = 9F6C0FEE2C7E1C5D00111575 /* CoinImageService.swift */; };
		9F6C0FF12C7E1D9E00111575 /* CoinImageViewModel.swift in Sources */ = {isa = PBXBuildFile; fileRef = 9F6C0FF02C7E1D9E00111575 /* CoinImageViewModel.swift */; };
		9F6C0FF32C7E296C00111575 /* LocalFileManager.swift in Sources */ = {isa = PBXBuildFile; fileRef = 9F6C0FF22C7E296C00111575 /* LocalFileManager.swift */; };
		9F8490DE2C863A150068243C /* CoinModel.swift in Sources */ = {isa = PBXBuildFile; fileRef = 9F8490DD2C863A150068243C /* CoinModel.swift */; };
		9F8490E02C863AFD0068243C /* CoinDetailModel.swift in Sources */ = {isa = PBXBuildFile; fileRef = 9F8490DF2C863AFD0068243C /* CoinDetailModel.swift */; };
		9FAA56352C87657800C30820 /* ChartView.swift in Sources */ = {isa = PBXBuildFile; fileRef = 9FAA56342C87657800C30820 /* ChartView.swift */; };
		9FAA771D2C7F6DCC005539D6 /* SearchBarView.swift in Sources */ = {isa = PBXBuildFile; fileRef = 9FAA771C2C7F6DCC005539D6 /* SearchBarView.swift */; };
		9FE294B32C8129DA003BAA93 /* PortfolioView.swift in Sources */ = {isa = PBXBuildFile; fileRef = 9FE294B22C8129DA003BAA93 /* PortfolioView.swift */; };
		9FE294B52C812ED6003BAA93 /* XMarkButton.swift in Sources */ = {isa = PBXBuildFile; fileRef = 9FE294B42C812ED6003BAA93 /* XMarkButton.swift */; };
		9FE294B72C813070003BAA93 /* CoinLogoView.swift in Sources */ = {isa = PBXBuildFile; fileRef = 9FE294B62C813070003BAA93 /* CoinLogoView.swift */; };
		9FE294BA2C820A6E003BAA93 /* PortfolioContainer.xcdatamodeld in Sources */ = {isa = PBXBuildFile; fileRef = 9FE294B82C820A6E003BAA93 /* PortfolioContainer.xcdatamodeld */; };
		9FE294BC2C820B02003BAA93 /* PortfolioDataService.swift in Sources */ = {isa = PBXBuildFile; fileRef = 9FE294BB2C820B02003BAA93 /* PortfolioDataService.swift */; };
		9FE294BE2C8294A4003BAA93 /* HapticManager.swift in Sources */ = {isa = PBXBuildFile; fileRef = 9FE294BD2C8294A4003BAA93 /* HapticManager.swift */; };
		9FE294C32C836A9A003BAA93 /* DetailView.swift in Sources */ = {isa = PBXBuildFile; fileRef = 9FE294C22C836A9A003BAA93 /* DetailView.swift */; };
		9FE294C72C851802003BAA93 /* DetailViewModel.swift in Sources */ = {isa = PBXBuildFile; fileRef = 9FE294C62C851802003BAA93 /* DetailViewModel.swift */; };
		9FE294C92C85182E003BAA93 /* CoinDetailDataService.swift in Sources */ = {isa = PBXBuildFile; fileRef = 9FE294C82C85182E003BAA93 /* CoinDetailDataService.swift */; };
		9FE83E6D2C80DCA100DC0F0D /* StatisticModel.swift in Sources */ = {isa = PBXBuildFile; fileRef = 9FE83E6C2C80DCA100DC0F0D /* StatisticModel.swift */; };
		9FE83E6F2C80DDC100DC0F0D /* StatisticView.swift in Sources */ = {isa = PBXBuildFile; fileRef = 9FE83E6E2C80DDC100DC0F0D /* StatisticView.swift */; };
		9FE83E712C80E21800DC0F0D /* HomeStatsView.swift in Sources */ = {isa = PBXBuildFile; fileRef = 9FE83E702C80E21800DC0F0D /* HomeStatsView.swift */; };
		9FE83E732C80FC9000DC0F0D /* MarketDataModel.swift in Sources */ = {isa = PBXBuildFile; fileRef = 9FE83E722C80FC9000DC0F0D /* MarketDataModel.swift */; };
		9FE83E752C81010500DC0F0D /* MarketDataService.swift in Sources */ = {isa = PBXBuildFile; fileRef = 9FE83E742C81010500DC0F0D /* MarketDataService.swift */; };
/* End PBXBuildFile section */

/* Begin PBXFileReference section */
		9F5F73232C7A982800B44E2A /* CoinRowView.swift */ = {isa = PBXFileReference; lastKnownFileType = sourcecode.swift; path = CoinRowView.swift; sourceTree = "<group>"; };
		9F5F73252C7AB43200B44E2A /* HomeViewModel.swift */ = {isa = PBXFileReference; lastKnownFileType = sourcecode.swift; path = HomeViewModel.swift; sourceTree = "<group>"; };
		9F5F73282C7CCA3200B44E2A /* CoinDataService.swift */ = {isa = PBXFileReference; lastKnownFileType = sourcecode.swift; path = CoinDataService.swift; sourceTree = "<group>"; };
		9F5F732B2C7CDC0B00B44E2A /* NetworkingManager.swift */ = {isa = PBXFileReference; lastKnownFileType = sourcecode.swift; path = NetworkingManager.swift; sourceTree = "<group>"; };
		9F6551B72C78EF730023633F /* SwiftUICrypto.app */ = {isa = PBXFileReference; explicitFileType = wrapper.application; includeInIndex = 0; path = SwiftUICrypto.app; sourceTree = BUILT_PRODUCTS_DIR; };
		9F6551BA2C78EF730023633F /* SwiftUICryptoApp.swift */ = {isa = PBXFileReference; lastKnownFileType = sourcecode.swift; path = SwiftUICryptoApp.swift; sourceTree = "<group>"; };
		9F6551BC2C78EF730023633F /* ContentView.swift */ = {isa = PBXFileReference; lastKnownFileType = sourcecode.swift; path = ContentView.swift; sourceTree = "<group>"; };
		9F6551C12C78EF740023633F /* Preview Assets.xcassets */ = {isa = PBXFileReference; lastKnownFileType = folder.assetcatalog; path = "Preview Assets.xcassets"; sourceTree = "<group>"; };
		9F6551C82C78F0440023633F /* Assets.xcassets */ = {isa = PBXFileReference; lastKnownFileType = folder.assetcatalog; name = Assets.xcassets; path = ../../Resources/Assets.xcassets; sourceTree = "<group>"; };
		9F6551CD2C78F0F50023633F /* Color.swift */ = {isa = PBXFileReference; fileEncoding = 4; lastKnownFileType = sourcecode.swift; path = Color.swift; sourceTree = "<group>"; };
		9F6551CE2C78F0F50023633F /* Date.swift */ = {isa = PBXFileReference; fileEncoding = 4; lastKnownFileType = sourcecode.swift; path = Date.swift; sourceTree = "<group>"; };
		9F6551CF2C78F0F50023633F /* Double.swift */ = {isa = PBXFileReference; fileEncoding = 4; lastKnownFileType = sourcecode.swift; path = Double.swift; sourceTree = "<group>"; };
		9F6551D02C78F0F50023633F /* PreviewProvider.swift */ = {isa = PBXFileReference; fileEncoding = 4; lastKnownFileType = sourcecode.swift; path = PreviewProvider.swift; sourceTree = "<group>"; };
		9F6551D12C78F0F50023633F /* String.swift */ = {isa = PBXFileReference; fileEncoding = 4; lastKnownFileType = sourcecode.swift; path = String.swift; sourceTree = "<group>"; };
		9F6551D22C78F0F50023633F /* UIApplication.swift */ = {isa = PBXFileReference; fileEncoding = 4; lastKnownFileType = sourcecode.swift; path = UIApplication.swift; sourceTree = "<group>"; };
		9F6551DE2C78F7F30023633F /* HomeView.swift */ = {isa = PBXFileReference; lastKnownFileType = sourcecode.swift; path = HomeView.swift; sourceTree = "<group>"; };
		9F6551E22C78F8EE0023633F /* CircleButtonView.swift */ = {isa = PBXFileReference; lastKnownFileType = sourcecode.swift; path = CircleButtonView.swift; sourceTree = "<group>"; };
		9F6551E42C78FC240023633F /* CircleButtonAnimationView.swift */ = {isa = PBXFileReference; lastKnownFileType = sourcecode.swift; path = CircleButtonAnimationView.swift; sourceTree = "<group>"; };
		9F6C0FEC2C7E1B1C00111575 /* CoinImageView.swift */ = {isa = PBXFileReference; lastKnownFileType = sourcecode.swift; path = CoinImageView.swift; sourceTree = "<group>"; };
		9F6C0FEE2C7E1C5D00111575 /* CoinImageService.swift */ = {isa = PBXFileReference; lastKnownFileType = sourcecode.swift; path = CoinImageService.swift; sourceTree = "<group>"; };
		9F6C0FF02C7E1D9E00111575 /* CoinImageViewModel.swift */ = {isa = PBXFileReference; lastKnownFileType = sourcecode.swift; path = CoinImageViewModel.swift; sourceTree = "<group>"; };
		9F6C0FF22C7E296C00111575 /* LocalFileManager.swift */ = {isa = PBXFileReference; lastKnownFileType = sourcecode.swift; path = LocalFileManager.swift; sourceTree = "<group>"; };
		9F8490DD2C863A150068243C /* CoinModel.swift */ = {isa = PBXFileReference; fileEncoding = 4; lastKnownFileType = sourcecode.swift; path = CoinModel.swift; sourceTree = "<group>"; };
		9F8490DF2C863AFD0068243C /* CoinDetailModel.swift */ = {isa = PBXFileReference; fileEncoding = 4; lastKnownFileType = sourcecode.swift; path = CoinDetailModel.swift; sourceTree = "<group>"; };
		9FAA56342C87657800C30820 /* ChartView.swift */ = {isa = PBXFileReference; lastKnownFileType = sourcecode.swift; path = ChartView.swift; sourceTree = "<group>"; };
		9FAA771C2C7F6DCC005539D6 /* SearchBarView.swift */ = {isa = PBXFileReference; lastKnownFileType = sourcecode.swift; path = SearchBarView.swift; sourceTree = "<group>"; };
		9FE294B22C8129DA003BAA93 /* PortfolioView.swift */ = {isa = PBXFileReference; lastKnownFileType = sourcecode.swift; path = PortfolioView.swift; sourceTree = "<group>"; };
		9FE294B42C812ED6003BAA93 /* XMarkButton.swift */ = {isa = PBXFileReference; lastKnownFileType = sourcecode.swift; path = XMarkButton.swift; sourceTree = "<group>"; };
		9FE294B62C813070003BAA93 /* CoinLogoView.swift */ = {isa = PBXFileReference; lastKnownFileType = sourcecode.swift; path = CoinLogoView.swift; sourceTree = "<group>"; };
		9FE294B92C820A6E003BAA93 /* PortfolioContainer.xcdatamodel */ = {isa = PBXFileReference; lastKnownFileType = wrapper.xcdatamodel; path = PortfolioContainer.xcdatamodel; sourceTree = "<group>"; };
		9FE294BB2C820B02003BAA93 /* PortfolioDataService.swift */ = {isa = PBXFileReference; lastKnownFileType = sourcecode.swift; path = PortfolioDataService.swift; sourceTree = "<group>"; };
		9FE294BD2C8294A4003BAA93 /* HapticManager.swift */ = {isa = PBXFileReference; lastKnownFileType = sourcecode.swift; path = HapticManager.swift; sourceTree = "<group>"; };
		9FE294C22C836A9A003BAA93 /* DetailView.swift */ = {isa = PBXFileReference; lastKnownFileType = sourcecode.swift; path = DetailView.swift; sourceTree = "<group>"; };
		9FE294C62C851802003BAA93 /* DetailViewModel.swift */ = {isa = PBXFileReference; lastKnownFileType = sourcecode.swift; path = DetailViewModel.swift; sourceTree = "<group>"; };
		9FE294C82C85182E003BAA93 /* CoinDetailDataService.swift */ = {isa = PBXFileReference; lastKnownFileType = sourcecode.swift; path = CoinDetailDataService.swift; sourceTree = "<group>"; };
		9FE83E6C2C80DCA100DC0F0D /* StatisticModel.swift */ = {isa = PBXFileReference; lastKnownFileType = sourcecode.swift; path = StatisticModel.swift; sourceTree = "<group>"; };
		9FE83E6E2C80DDC100DC0F0D /* StatisticView.swift */ = {isa = PBXFileReference; lastKnownFileType = sourcecode.swift; path = StatisticView.swift; sourceTree = "<group>"; };
		9FE83E702C80E21800DC0F0D /* HomeStatsView.swift */ = {isa = PBXFileReference; lastKnownFileType = sourcecode.swift; path = HomeStatsView.swift; sourceTree = "<group>"; };
		9FE83E722C80FC9000DC0F0D /* MarketDataModel.swift */ = {isa = PBXFileReference; lastKnownFileType = sourcecode.swift; path = MarketDataModel.swift; sourceTree = "<group>"; };
		9FE83E742C81010500DC0F0D /* MarketDataService.swift */ = {isa = PBXFileReference; lastKnownFileType = sourcecode.swift; path = MarketDataService.swift; sourceTree = "<group>"; };
/* End PBXFileReference section */

/* Begin PBXFrameworksBuildPhase section */
		9F6551B42C78EF730023633F /* Frameworks */ = {
			isa = PBXFrameworksBuildPhase;
			buildActionMask = 2147483647;
			files = (
			);
			runOnlyForDeploymentPostprocessing = 0;
		};
/* End PBXFrameworksBuildPhase section */

/* Begin PBXGroup section */
		9F5F731E2C7A8EBD00B44E2A /* Models */ = {
			isa = PBXGroup;
			children = (
				9F8490DD2C863A150068243C /* CoinModel.swift */,
				9F8490DF2C863AFD0068243C /* CoinDetailModel.swift */,
				9FE83E6C2C80DCA100DC0F0D /* StatisticModel.swift */,
				9FE83E722C80FC9000DC0F0D /* MarketDataModel.swift */,
				9FE294B82C820A6E003BAA93 /* PortfolioContainer.xcdatamodeld */,
			);
			path = Models;
			sourceTree = "<group>";
		};
		9F5F73272C7CCA0000B44E2A /* Services */ = {
			isa = PBXGroup;
			children = (
				9F5F73282C7CCA3200B44E2A /* CoinDataService.swift */,
				9FE294C82C85182E003BAA93 /* CoinDetailDataService.swift */,
				9F6C0FEE2C7E1C5D00111575 /* CoinImageService.swift */,
				9FE83E742C81010500DC0F0D /* MarketDataService.swift */,
				9FE294BB2C820B02003BAA93 /* PortfolioDataService.swift */,
			);
			path = Services;
			sourceTree = "<group>";
		};
		9F5F732A2C7CDBDF00B44E2A /* Utilities */ = {
			isa = PBXGroup;
			children = (
				9F5F732B2C7CDC0B00B44E2A /* NetworkingManager.swift */,
				9F6C0FF22C7E296C00111575 /* LocalFileManager.swift */,
				9FE294BD2C8294A4003BAA93 /* HapticManager.swift */,
			);
			path = Utilities;
			sourceTree = "<group>";
		};
		9F6551AE2C78EF730023633F = {
			isa = PBXGroup;
			children = (
				9F6551B92C78EF730023633F /* SwiftUICrypto */,
				9F6551B82C78EF730023633F /* Products */,
			);
			sourceTree = "<group>";
		};
		9F6551B82C78EF730023633F /* Products */ = {
			isa = PBXGroup;
			children = (
				9F6551B72C78EF730023633F /* SwiftUICrypto.app */,
			);
			name = Products;
			sourceTree = "<group>";
		};
		9F6551B92C78EF730023633F /* SwiftUICrypto */ = {
			isa = PBXGroup;
			children = (
				9F6551BA2C78EF730023633F /* SwiftUICryptoApp.swift */,
				9F5F732A2C7CDBDF00B44E2A /* Utilities */,
				9F6551D32C78F0F50023633F /* Extensions */,
				9F5F73272C7CCA0000B44E2A /* Services */,
				9F5F731E2C7A8EBD00B44E2A /* Models */,
				9F6551DA2C78F7B20023633F /* Core */,
				9F6551BC2C78EF730023633F /* ContentView.swift */,
				9F6551C82C78F0440023633F /* Assets.xcassets */,
				9F6551C02C78EF740023633F /* Preview Content */,
			);
			path = SwiftUICrypto;
			sourceTree = "<group>";
		};
		9F6551C02C78EF740023633F /* Preview Content */ = {
			isa = PBXGroup;
			children = (
				9F6551C12C78EF740023633F /* Preview Assets.xcassets */,
			);
			path = "Preview Content";
			sourceTree = "<group>";
		};
		9F6551D32C78F0F50023633F /* Extensions */ = {
			isa = PBXGroup;
			children = (
				9F6551CD2C78F0F50023633F /* Color.swift */,
				9F6551CE2C78F0F50023633F /* Date.swift */,
				9F6551CF2C78F0F50023633F /* Double.swift */,
				9F6551D02C78F0F50023633F /* PreviewProvider.swift */,
				9F6551D12C78F0F50023633F /* String.swift */,
				9F6551D22C78F0F50023633F /* UIApplication.swift */,
			);
			path = Extensions;
			sourceTree = "<group>";
		};
		9F6551DA2C78F7B20023633F /* Core */ = {
			isa = PBXGroup;
			children = (
				9F6551E02C78F8C00023633F /* Components */,
				9F6551DB2C78F7CF0023633F /* Home */,
				9FE294BF2C836A52003BAA93 /* Detail */,
			);
			path = Core;
			sourceTree = "<group>";
		};
		9F6551DB2C78F7CF0023633F /* Home */ = {
			isa = PBXGroup;
			children = (
				9F6551DD2C78F7E00023633F /* ViewModels */,
				9F6551DC2C78F7DA0023633F /* Views */,
			);
			path = Home;
			sourceTree = "<group>";
		};
		9F6551DC2C78F7DA0023633F /* Views */ = {
			isa = PBXGroup;
			children = (
				9F6551DE2C78F7F30023633F /* HomeView.swift */,
				9FE83E702C80E21800DC0F0D /* HomeStatsView.swift */,
				9F5F73232C7A982800B44E2A /* CoinRowView.swift */,
				9FE294B22C8129DA003BAA93 /* PortfolioView.swift */,
			);
			path = Views;
			sourceTree = "<group>";
		};
		9F6551DD2C78F7E00023633F /* ViewModels */ = {
			isa = PBXGroup;
			children = (
				9F5F73252C7AB43200B44E2A /* HomeViewModel.swift */,
			);
			path = ViewModels;
			sourceTree = "<group>";
		};
		9F6551E02C78F8C00023633F /* Components */ = {
			isa = PBXGroup;
			children = (
				9F6C0FEB2C7E1B0C00111575 /* CoinImage */,
				9F6551E12C78F8DC0023633F /* CircleButton */,
				9FAA771C2C7F6DCC005539D6 /* SearchBarView.swift */,
				9FE83E6E2C80DDC100DC0F0D /* StatisticView.swift */,
				9FE294B42C812ED6003BAA93 /* XMarkButton.swift */,
			);
			path = Components;
			sourceTree = "<group>";
		};
		9F6551E12C78F8DC0023633F /* CircleButton */ = {
			isa = PBXGroup;
			children = (
				9F6551E22C78F8EE0023633F /* CircleButtonView.swift */,
				9F6551E42C78FC240023633F /* CircleButtonAnimationView.swift */,
			);
			path = CircleButton;
			sourceTree = "<group>";
		};
		9F6C0FEB2C7E1B0C00111575 /* CoinImage */ = {
			isa = PBXGroup;
			children = (
				9F6C0FEC2C7E1B1C00111575 /* CoinImageView.swift */,
				9F6C0FF02C7E1D9E00111575 /* CoinImageViewModel.swift */,
				9FE294B62C813070003BAA93 /* CoinLogoView.swift */,
			);
			path = CoinImage;
			sourceTree = "<group>";
		};
		9FE294BF2C836A52003BAA93 /* Detail */ = {
			isa = PBXGroup;
			children = (
				9FE294C02C836A7B003BAA93 /* ViewModels */,
				9FE294C12C836A84003BAA93 /* Views */,
			);
			path = Detail;
			sourceTree = "<group>";
		};
		9FE294C02C836A7B003BAA93 /* ViewModels */ = {
			isa = PBXGroup;
			children = (
				9FE294C62C851802003BAA93 /* DetailViewModel.swift */,
			);
			path = ViewModels;
			sourceTree = "<group>";
		};
		9FE294C12C836A84003BAA93 /* Views */ = {
			isa = PBXGroup;
			children = (
				9FE294C22C836A9A003BAA93 /* DetailView.swift */,
				9FAA56342C87657800C30820 /* ChartView.swift */,
			);
			path = Views;
			sourceTree = "<group>";
		};
/* End PBXGroup section */

/* Begin PBXNativeTarget section */
		9F6551B62C78EF730023633F /* SwiftUICrypto */ = {
			isa = PBXNativeTarget;
			buildConfigurationList = 9F6551C52C78EF740023633F /* Build configuration list for PBXNativeTarget "SwiftUICrypto" */;
			buildPhases = (
				9F6551B32C78EF730023633F /* Sources */,
				9F6551B42C78EF730023633F /* Frameworks */,
				9F6551B52C78EF730023633F /* Resources */,
			);
			buildRules = (
			);
			dependencies = (
			);
			name = SwiftUICrypto;
			productName = SwiftUICrypto;
			productReference = 9F6551B72C78EF730023633F /* SwiftUICrypto.app */;
			productType = "com.apple.product-type.application";
		};
/* End PBXNativeTarget section */

/* Begin PBXProject section */
		9F6551AF2C78EF730023633F /* Project object */ = {
			isa = PBXProject;
			attributes = {
				BuildIndependentTargetsInParallel = 1;
				LastSwiftUpdateCheck = 1540;
				LastUpgradeCheck = 1540;
				TargetAttributes = {
					9F6551B62C78EF730023633F = {
						CreatedOnToolsVersion = 15.4;
					};
				};
			};
			buildConfigurationList = 9F6551B22C78EF730023633F /* Build configuration list for PBXProject "SwiftUICrypto" */;
			compatibilityVersion = "Xcode 14.0";
			developmentRegion = en;
			hasScannedForEncodings = 0;
			knownRegions = (
				en,
				Base,
			);
			mainGroup = 9F6551AE2C78EF730023633F;
			productRefGroup = 9F6551B82C78EF730023633F /* Products */;
			projectDirPath = "";
			projectRoot = "";
			targets = (
				9F6551B62C78EF730023633F /* SwiftUICrypto */,
			);
		};
/* End PBXProject section */

/* Begin PBXResourcesBuildPhase section */
		9F6551B52C78EF730023633F /* Resources */ = {
			isa = PBXResourcesBuildPhase;
			buildActionMask = 2147483647;
			files = (
				9F6551C22C78EF740023633F /* Preview Assets.xcassets in Resources */,
				9F6551C92C78F0440023633F /* Assets.xcassets in Resources */,
			);
			runOnlyForDeploymentPostprocessing = 0;
		};
/* End PBXResourcesBuildPhase section */

/* Begin PBXSourcesBuildPhase section */
		9F6551B32C78EF730023633F /* Sources */ = {
			isa = PBXSourcesBuildPhase;
			buildActionMask = 2147483647;
			files = (
				9F6551DF2C78F7F30023633F /* HomeView.swift in Sources */,
				9F8490E02C863AFD0068243C /* CoinDetailModel.swift in Sources */,
				9F5F73242C7A982800B44E2A /* CoinRowView.swift in Sources */,
				9FE294BE2C8294A4003BAA93 /* HapticManager.swift in Sources */,
				9FE83E6F2C80DDC100DC0F0D /* StatisticView.swift in Sources */,
				9FE294B52C812ED6003BAA93 /* XMarkButton.swift in Sources */,
				9F6551E52C78FC240023633F /* CircleButtonAnimationView.swift in Sources */,
				9F5F73292C7CCA3200B44E2A /* CoinDataService.swift in Sources */,
				9F6551D92C78F0F50023633F /* UIApplication.swift in Sources */,
				9F5F732C2C7CDC0B00B44E2A /* NetworkingManager.swift in Sources */,
				9FE294BC2C820B02003BAA93 /* PortfolioDataService.swift in Sources */,
				9FE294BA2C820A6E003BAA93 /* PortfolioContainer.xcdatamodeld in Sources */,
				9FE294B32C8129DA003BAA93 /* PortfolioView.swift in Sources */,
				9F6551BD2C78EF730023633F /* ContentView.swift in Sources */,
				9F6C0FF32C7E296C00111575 /* LocalFileManager.swift in Sources */,
				9F6551D72C78F0F50023633F /* PreviewProvider.swift in Sources */,
				9FE294C32C836A9A003BAA93 /* DetailView.swift in Sources */,
				9F8490DE2C863A150068243C /* CoinModel.swift in Sources */,
				9FAA771D2C7F6DCC005539D6 /* SearchBarView.swift in Sources */,
				9F6551BB2C78EF730023633F /* SwiftUICryptoApp.swift in Sources */,
				9FE83E752C81010500DC0F0D /* MarketDataService.swift in Sources */,
				9F6551D42C78F0F50023633F /* Color.swift in Sources */,
				9FAA56352C87657800C30820 /* ChartView.swift in Sources */,
				9F5F73262C7AB43200B44E2A /* HomeViewModel.swift in Sources */,
				9FE294C72C851802003BAA93 /* DetailViewModel.swift in Sources */,
				9F6C0FED2C7E1B1C00111575 /* CoinImageView.swift in Sources */,
				9F6551D82C78F0F50023633F /* String.swift in Sources */,
				9FE83E712C80E21800DC0F0D /* HomeStatsView.swift in Sources */,
				9FE294B72C813070003BAA93 /* CoinLogoView.swift in Sources */,
				9FE83E6D2C80DCA100DC0F0D /* StatisticModel.swift in Sources */,
				9FE294C92C85182E003BAA93 /* CoinDetailDataService.swift in Sources */,
				9F6551D62C78F0F50023633F /* Double.swift in Sources */,
				9F6551E32C78F8EE0023633F /* CircleButtonView.swift in Sources */,
				9F6C0FF12C7E1D9E00111575 /* CoinImageViewModel.swift in Sources */,
				9F6C0FEF2C7E1C5D00111575 /* CoinImageService.swift in Sources */,
				9FE83E732C80FC9000DC0F0D /* MarketDataModel.swift in Sources */,
				9F6551D52C78F0F50023633F /* Date.swift in Sources */,
			);
			runOnlyForDeploymentPostprocessing = 0;
		};
/* End PBXSourcesBuildPhase section */

/* Begin XCBuildConfiguration section */
		9F6551C32C78EF740023633F /* Debug */ = {
			isa = XCBuildConfiguration;
			buildSettings = {
				ALWAYS_SEARCH_USER_PATHS = NO;
				ASSETCATALOG_COMPILER_GENERATE_SWIFT_ASSET_SYMBOL_EXTENSIONS = YES;
				CLANG_ANALYZER_NONNULL = YES;
				CLANG_ANALYZER_NUMBER_OBJECT_CONVERSION = YES_AGGRESSIVE;
				CLANG_CXX_LANGUAGE_STANDARD = "gnu++20";
				CLANG_ENABLE_MODULES = YES;
				CLANG_ENABLE_OBJC_ARC = YES;
				CLANG_ENABLE_OBJC_WEAK = YES;
				CLANG_WARN_BLOCK_CAPTURE_AUTORELEASING = YES;
				CLANG_WARN_BOOL_CONVERSION = YES;
				CLANG_WARN_COMMA = YES;
				CLANG_WARN_CONSTANT_CONVERSION = YES;
				CLANG_WARN_DEPRECATED_OBJC_IMPLEMENTATIONS = YES;
				CLANG_WARN_DIRECT_OBJC_ISA_USAGE = YES_ERROR;
				CLANG_WARN_DOCUMENTATION_COMMENTS = YES;
				CLANG_WARN_EMPTY_BODY = YES;
				CLANG_WARN_ENUM_CONVERSION = YES;
				CLANG_WARN_INFINITE_RECURSION = YES;
				CLANG_WARN_INT_CONVERSION = YES;
				CLANG_WARN_NON_LITERAL_NULL_CONVERSION = YES;
				CLANG_WARN_OBJC_IMPLICIT_RETAIN_SELF = YES;
				CLANG_WARN_OBJC_LITERAL_CONVERSION = YES;
				CLANG_WARN_OBJC_ROOT_CLASS = YES_ERROR;
				CLANG_WARN_QUOTED_INCLUDE_IN_FRAMEWORK_HEADER = YES;
				CLANG_WARN_RANGE_LOOP_ANALYSIS = YES;
				CLANG_WARN_STRICT_PROTOTYPES = YES;
				CLANG_WARN_SUSPICIOUS_MOVE = YES;
				CLANG_WARN_UNGUARDED_AVAILABILITY = YES_AGGRESSIVE;
				CLANG_WARN_UNREACHABLE_CODE = YES;
				CLANG_WARN__DUPLICATE_METHOD_MATCH = YES;
				COPY_PHASE_STRIP = NO;
				DEBUG_INFORMATION_FORMAT = dwarf;
				ENABLE_STRICT_OBJC_MSGSEND = YES;
				ENABLE_TESTABILITY = YES;
				ENABLE_USER_SCRIPT_SANDBOXING = YES;
				GCC_C_LANGUAGE_STANDARD = gnu17;
				GCC_DYNAMIC_NO_PIC = NO;
				GCC_NO_COMMON_BLOCKS = YES;
				GCC_OPTIMIZATION_LEVEL = 0;
				GCC_PREPROCESSOR_DEFINITIONS = (
					"DEBUG=1",
					"$(inherited)",
				);
				GCC_WARN_64_TO_32_BIT_CONVERSION = YES;
				GCC_WARN_ABOUT_RETURN_TYPE = YES_ERROR;
				GCC_WARN_UNDECLARED_SELECTOR = YES;
				GCC_WARN_UNINITIALIZED_AUTOS = YES_AGGRESSIVE;
				GCC_WARN_UNUSED_FUNCTION = YES;
				GCC_WARN_UNUSED_VARIABLE = YES;
				IPHONEOS_DEPLOYMENT_TARGET = 17.5;
				LOCALIZATION_PREFERS_STRING_CATALOGS = YES;
				MTL_ENABLE_DEBUG_INFO = INCLUDE_SOURCE;
				MTL_FAST_MATH = YES;
				ONLY_ACTIVE_ARCH = YES;
				SDKROOT = iphoneos;
				SWIFT_ACTIVE_COMPILATION_CONDITIONS = "DEBUG $(inherited)";
				SWIFT_OPTIMIZATION_LEVEL = "-Onone";
			};
			name = Debug;
		};
		9F6551C42C78EF740023633F /* Release */ = {
			isa = XCBuildConfiguration;
			buildSettings = {
				ALWAYS_SEARCH_USER_PATHS = NO;
				ASSETCATALOG_COMPILER_GENERATE_SWIFT_ASSET_SYMBOL_EXTENSIONS = YES;
				CLANG_ANALYZER_NONNULL = YES;
				CLANG_ANALYZER_NUMBER_OBJECT_CONVERSION = YES_AGGRESSIVE;
				CLANG_CXX_LANGUAGE_STANDARD = "gnu++20";
				CLANG_ENABLE_MODULES = YES;
				CLANG_ENABLE_OBJC_ARC = YES;
				CLANG_ENABLE_OBJC_WEAK = YES;
				CLANG_WARN_BLOCK_CAPTURE_AUTORELEASING = YES;
				CLANG_WARN_BOOL_CONVERSION = YES;
				CLANG_WARN_COMMA = YES;
				CLANG_WARN_CONSTANT_CONVERSION = YES;
				CLANG_WARN_DEPRECATED_OBJC_IMPLEMENTATIONS = YES;
				CLANG_WARN_DIRECT_OBJC_ISA_USAGE = YES_ERROR;
				CLANG_WARN_DOCUMENTATION_COMMENTS = YES;
				CLANG_WARN_EMPTY_BODY = YES;
				CLANG_WARN_ENUM_CONVERSION = YES;
				CLANG_WARN_INFINITE_RECURSION = YES;
				CLANG_WARN_INT_CONVERSION = YES;
				CLANG_WARN_NON_LITERAL_NULL_CONVERSION = YES;
				CLANG_WARN_OBJC_IMPLICIT_RETAIN_SELF = YES;
				CLANG_WARN_OBJC_LITERAL_CONVERSION = YES;
				CLANG_WARN_OBJC_ROOT_CLASS = YES_ERROR;
				CLANG_WARN_QUOTED_INCLUDE_IN_FRAMEWORK_HEADER = YES;
				CLANG_WARN_RANGE_LOOP_ANALYSIS = YES;
				CLANG_WARN_STRICT_PROTOTYPES = YES;
				CLANG_WARN_SUSPICIOUS_MOVE = YES;
				CLANG_WARN_UNGUARDED_AVAILABILITY = YES_AGGRESSIVE;
				CLANG_WARN_UNREACHABLE_CODE = YES;
				CLANG_WARN__DUPLICATE_METHOD_MATCH = YES;
				COPY_PHASE_STRIP = NO;
				DEBUG_INFORMATION_FORMAT = "dwarf-with-dsym";
				ENABLE_NS_ASSERTIONS = NO;
				ENABLE_STRICT_OBJC_MSGSEND = YES;
				ENABLE_USER_SCRIPT_SANDBOXING = YES;
				GCC_C_LANGUAGE_STANDARD = gnu17;
				GCC_NO_COMMON_BLOCKS = YES;
				GCC_WARN_64_TO_32_BIT_CONVERSION = YES;
				GCC_WARN_ABOUT_RETURN_TYPE = YES_ERROR;
				GCC_WARN_UNDECLARED_SELECTOR = YES;
				GCC_WARN_UNINITIALIZED_AUTOS = YES_AGGRESSIVE;
				GCC_WARN_UNUSED_FUNCTION = YES;
				GCC_WARN_UNUSED_VARIABLE = YES;
				IPHONEOS_DEPLOYMENT_TARGET = 17.5;
				LOCALIZATION_PREFERS_STRING_CATALOGS = YES;
				MTL_ENABLE_DEBUG_INFO = NO;
				MTL_FAST_MATH = YES;
				SDKROOT = iphoneos;
				SWIFT_COMPILATION_MODE = wholemodule;
				VALIDATE_PRODUCT = YES;
			};
			name = Release;
		};
		9F6551C62C78EF740023633F /* Debug */ = {
			isa = XCBuildConfiguration;
			buildSettings = {
				ASSETCATALOG_COMPILER_APPICON_NAME = AppIcon;
				ASSETCATALOG_COMPILER_GLOBAL_ACCENT_COLOR_NAME = AccentColor;
				CODE_SIGN_STYLE = Automatic;
				CURRENT_PROJECT_VERSION = 1;
				DEVELOPMENT_ASSET_PATHS = "\"SwiftUICrypto/Preview Content\"";
				ENABLE_PREVIEWS = YES;
				GENERATE_INFOPLIST_FILE = YES;
				INFOPLIST_KEY_CFBundleDisplayName = "Crypto Tracker";
				INFOPLIST_KEY_UIApplicationSceneManifest_Generation = YES;
				INFOPLIST_KEY_UIApplicationSupportsIndirectInputEvents = YES;
				INFOPLIST_KEY_UILaunchScreen_Generation = YES;
				INFOPLIST_KEY_UISupportedInterfaceOrientations = UIInterfaceOrientationPortrait;
				INFOPLIST_KEY_UISupportedInterfaceOrientations_iPad = "UIInterfaceOrientationPortrait UIInterfaceOrientationPortraitUpsideDown";
				LD_RUNPATH_SEARCH_PATHS = (
					"$(inherited)",
					"@executable_path/Frameworks",
				);
				MARKETING_VERSION = 1.0;
				PRODUCT_BUNDLE_IDENTIFIER = com.sbuitrago.SwiftUICrypto;
				PRODUCT_NAME = "$(TARGET_NAME)";
				SWIFT_EMIT_LOC_STRINGS = YES;
				SWIFT_VERSION = 5.0;
				TARGETED_DEVICE_FAMILY = "1,2";
			};
			name = Debug;
		};
		9F6551C72C78EF740023633F /* Release */ = {
			isa = XCBuildConfiguration;
			buildSettings = {
				ASSETCATALOG_COMPILER_APPICON_NAME = AppIcon;
				ASSETCATALOG_COMPILER_GLOBAL_ACCENT_COLOR_NAME = AccentColor;
				CODE_SIGN_STYLE = Automatic;
				CURRENT_PROJECT_VERSION = 1;
				DEVELOPMENT_ASSET_PATHS = "\"SwiftUICrypto/Preview Content\"";
				ENABLE_PREVIEWS = YES;
				GENERATE_INFOPLIST_FILE = YES;
				INFOPLIST_KEY_CFBundleDisplayName = "Crypto Tracker";
				INFOPLIST_KEY_UIApplicationSceneManifest_Generation = YES;
				INFOPLIST_KEY_UIApplicationSupportsIndirectInputEvents = YES;
				INFOPLIST_KEY_UILaunchScreen_Generation = YES;
				INFOPLIST_KEY_UISupportedInterfaceOrientations = UIInterfaceOrientationPortrait;
				INFOPLIST_KEY_UISupportedInterfaceOrientations_iPad = "UIInterfaceOrientationPortrait UIInterfaceOrientationPortraitUpsideDown";
				LD_RUNPATH_SEARCH_PATHS = (
					"$(inherited)",
					"@executable_path/Frameworks",
				);
				MARKETING_VERSION = 1.0;
				PRODUCT_BUNDLE_IDENTIFIER = com.sbuitrago.SwiftUICrypto;
				PRODUCT_NAME = "$(TARGET_NAME)";
				SWIFT_EMIT_LOC_STRINGS = YES;
				SWIFT_VERSION = 5.0;
				TARGETED_DEVICE_FAMILY = "1,2";
			};
			name = Release;
		};
/* End XCBuildConfiguration section */

/* Begin XCConfigurationList section */
		9F6551B22C78EF730023633F /* Build configuration list for PBXProject "SwiftUICrypto" */ = {
			isa = XCConfigurationList;
			buildConfigurations = (
				9F6551C32C78EF740023633F /* Debug */,
				9F6551C42C78EF740023633F /* Release */,
			);
			defaultConfigurationIsVisible = 0;
			defaultConfigurationName = Release;
		};
		9F6551C52C78EF740023633F /* Build configuration list for PBXNativeTarget "SwiftUICrypto" */ = {
			isa = XCConfigurationList;
			buildConfigurations = (
				9F6551C62C78EF740023633F /* Debug */,
				9F6551C72C78EF740023633F /* Release */,
			);
			defaultConfigurationIsVisible = 0;
			defaultConfigurationName = Release;
		};
/* End XCConfigurationList section */

/* Begin XCVersionGroup section */
		9FE294B82C820A6E003BAA93 /* PortfolioContainer.xcdatamodeld */ = {
			isa = XCVersionGroup;
			children = (
				9FE294B92C820A6E003BAA93 /* PortfolioContainer.xcdatamodel */,
			);
			currentVersion = 9FE294B92C820A6E003BAA93 /* PortfolioContainer.xcdatamodel */;
			name = PortfolioContainer.xcdatamodeld;
			path = /Users/checho/Documents/Swift/PersonalProjects/SwiftUICrypto/SwiftUICrypto/Models/PortfolioContainer.xcdatamodeld;
			sourceTree = "<group>";
			versionGroupType = wrapper.xcdatamodel;
		};
/* End XCVersionGroup section */
	};
	rootObject = 9F6551AF2C78EF730023633F /* Project object */;
}
